
Microsoft Visual Studio Solution File, Format Version 12.00
# Visual Studio Version 17
VisualStudioVersion = 17.1.32210.238
MinimumVisualStudioVersion = 10.0.40219.1
Project("{FAE04EC0-301F-11D3-BF4B-00C04F79EFBC}") = "Ex_Fix_EnumEComp", "Ex_Fix_EnumEComp\Ex_Fix_EnumEComp.csproj", "{2374E685-B1EC-47F1-8D40-6D7F0B46CB40}"
EndProject
Global
	GlobalSection(SolutionConfigurationPlatforms) = preSolution
		Debug|Any CPU = Debug|Any CPU
		Release|Any CPU = Release|Any CPU
	EndGlobalSection
	GlobalSection(ProjectConfigurationPlatforms) = postSolution
		{2374E685-B1EC-47F1-8D40-6D7F0B46CB40}.Debug|Any CPU.ActiveCfg = Debug|Any CPU
		{2374E685-B1EC-47F1-8D40-6D7F0B46CB40}.Debug|Any CPU.Build.0 = Debug|Any CPU
		{2374E685-B1EC-47F1-8D40-6D7F0B46CB40}.Release|Any CPU.ActiveCfg = Release|Any CPU
		{2374E685-B1EC-47F1-8D40-6D7F0B46CB40}.Release|Any CPU.Build.0 = Release|Any CPU
	EndGlobalSection
	GlobalSection(SolutionProperties) = preSolution
		HideSolutionNode = FALSE
	EndGlobalSection
	GlobalSection(ExtensibilityGlobals) = postSolution
		SolutionGuid = {AA828452-32BF-442A-AB07-E1D2BD015A6B}
	EndGlobalSection
EndGlobal
